
Microsoft Visual Studio Solution File, Format Version 10.00
# Visual Studio 2008
Project("{8BC9CEB8-8B4A-11D0-8D11-00A0C91BC942}") = "MemCacheREST", "MemCacheREST\MemCacheREST.vcproj", "{110165DA-DDBA-438A-AD6B-1798DC3A610F}"
EndProject
Global
	GlobalSection(SolutionConfigurationPlatforms) = preSolution
		Debug|Win32 = Debug|Win32
		Release|Win32 = Release|Win32
	EndGlobalSection
	GlobalSection(ProjectConfigurationPlatforms) = postSolution
		{110165DA-DDBA-438A-AD6B-1798DC3A610F}.Debug|Win32.ActiveCfg = Debug|Win32
		{110165DA-DDBA-438A-AD6B-1798DC3A610F}.Debug|Win32.Build.0 = Debug|Win32
		{110165DA-DDBA-438A-AD6B-1798DC3A610F}.Release|Win32.ActiveCfg = Release|Win32
		{110165DA-DDBA-438A-AD6B-1798DC3A610F}.Release|Win32.Build.0 = Release|Win32
	EndGlobalSection
	GlobalSection(SolutionProperties) = preSolution
		HideSolutionNode = FALSE
	EndGlobalSection
EndGlobal
